# This file is automatically @generated by Cargo.
# It is not intended for manual editing.
version = 3

[[package]]
name = "advent-of-code"
version = "1.0.0"

[[package]]
name = "bitflags"
version = "0.5.0"
source = "registry+https://github.com/rust-lang/crates.io-index"
checksum = "4f67931368edf3a9a51d29886d245f1c3db2f1ef0dcc9e35ff70341b78c10d23"

[[package]]
name = "coin_cbc"
version = "0.1.8"
source = "registry+https://github.com/rust-lang/crates.io-index"
checksum = "d602045cd2e7ad02608a71492af94357f493a6f3c934ce854c03bf10fddc5780"
dependencies = [
 "coin_cbc_sys",
 "lazy_static",
]

[[package]]
name = "coin_cbc_sys"
version = "0.1.2"
source = "registry+https://github.com/rust-lang/crates.io-index"
checksum = "085619f8bdc38e24e25c6336ecc3f2e6c0543d67566dff6daef0e32f7ac20f76"
dependencies = [
 "pkg-config",
]

[[package]]
name = "day-1"
version = "1.0.0"
dependencies = [
 "utils",
]

[[package]]
name = "day-10"
version = "1.0.0"
dependencies = [
 "utils",
]

[[package]]
name = "day-11"
version = "1.0.0"
dependencies = [
 "utils",
]

[[package]]
name = "day-12"
version = "1.0.0"
dependencies = [
 "utils",
]

[[package]]
name = "day-13"
version = "1.0.0"
dependencies = [
 "good_lp",
 "utils",
]

[[package]]
name = "day-2"
version = "1.0.0"
dependencies = [
 "utils",
]

[[package]]
name = "day-3"
version = "1.0.0"
dependencies = [
 "utils",
]

[[package]]
name = "day-4"
version = "1.0.0"
dependencies = [
 "utils",
]

[[package]]
name = "day-5"
version = "1.0.0"
dependencies = [
 "utils",
]

[[package]]
name = "day-6"
version = "1.0.0"
dependencies = [
 "utils",
]

[[package]]
name = "day-7"
version = "1.0.0"
dependencies = [
 "utils",
]

[[package]]
name = "day-8"
version = "1.0.0"
dependencies = [
 "utils",
]

[[package]]
name = "day-9"
version = "1.0.0"
dependencies = [
 "utils",
]

[[package]]
name = "fnv"
version = "1.0.7"
source = "registry+https://github.com/rust-lang/crates.io-index"
checksum = "3f9eec918d3f24069decb9af1554cad7c880e2da24a9afd88aca000531ab82c1"

[[package]]
name = "gcc"
version = "0.3.55"
source = "registry+https://github.com/rust-lang/crates.io-index"
checksum = "8f5f3913fa0bfe7ee1fd8248b6b9f42a5af4b9d65ec2dd2c3c26132b950ecfc2"

[[package]]
name = "good_lp"
version = "1.10.0"
source = "registry+https://github.com/rust-lang/crates.io-index"
checksum = "97630e1e456d7081c524488a87d8f8f7ed0fd3100ba10c55e3cfa7add5ce05c6"
dependencies = [
 "coin_cbc",
 "fnv",
 "lpsolve",
]

[[package]]
name = "lazy_static"
version = "1.5.0"
source = "registry+https://github.com/rust-lang/crates.io-index"
checksum = "bbd2bcb4c963f2ddae06a2efc7e9f3591312473c50c6685e1f298068316e66fe"

[[package]]
name = "libc"
version = "0.2.162"
source = "registry+https://github.com/rust-lang/crates.io-index"
checksum = "18d287de67fe55fd7e1581fe933d965a5a9477b38e949cfa9f8574ef01506398"

[[package]]
name = "lpsolve"
version = "0.1.0"
source = "registry+https://github.com/rust-lang/crates.io-index"
checksum = "516c671a8790d7b5a5c1f2140c36d3619335366fda108db1ca6d8359bd096ecd"
dependencies = [
 "bitflags",
 "libc",
 "lpsolve-sys",
]

[[package]]
name = "lpsolve-sys"
version = "5.5.0"
source = "registry+https://github.com/rust-lang/crates.io-index"
checksum = "0776862d06b54bdea2ed14227f56a2913b39903e06849dce7b805d609ef6a85d"
dependencies = [
 "gcc",
 "libc",
]

[[package]]
name = "pkg-config"
version = "0.3.31"
source = "registry+https://github.com/rust-lang/crates.io-index"
checksum = "953ec861398dccce10c670dfeaf3ec4911ca479e9c02154b3a215178c5f566f2"

[[package]]
name = "utils"
version = "1.0.0"
